
Microsoft Visual Studio Solution File, Format Version 12.00
# Visual Studio Version 17
VisualStudioVersion = 17.9.34714.143
MinimumVisualStudioVersion = 10.0.40219.1
Project("{FAE04EC0-301F-11D3-BF4B-00C04F79EFBC}") = "Week9List", "Week9List\Week9List.csproj", "{953F313B-C4D7-419B-AF19-DB082073CD02}"
EndProject
Global
	GlobalSection(SolutionConfigurationPlatforms) = preSolution
		Debug|Any CPU = Debug|Any CPU
		Release|Any CPU = Release|Any CPU
	EndGlobalSection
	GlobalSection(ProjectConfigurationPlatforms) = postSolution
		{953F313B-C4D7-419B-AF19-DB082073CD02}.Debug|Any CPU.ActiveCfg = Debug|Any CPU
		{953F313B-C4D7-419B-AF19-DB082073CD02}.Debug|Any CPU.Build.0 = Debug|Any CPU
		{953F313B-C4D7-419B-AF19-DB082073CD02}.Release|Any CPU.ActiveCfg = Release|Any CPU
		{953F313B-C4D7-419B-AF19-DB082073CD02}.Release|Any CPU.Build.0 = Release|Any CPU
	EndGlobalSection
	GlobalSection(SolutionProperties) = preSolution
		HideSolutionNode = FALSE
	EndGlobalSection
	GlobalSection(ExtensibilityGlobals) = postSolution
		SolutionGuid = {DB5FB926-5783-4170-8991-64FC13998E8D}
	EndGlobalSection
EndGlobal
